{
    "name": "vscode-drawioHusseinhn77",
    "version": "1.6.6",
    "lockfileVersion": 3,
    "requires": true,
    "packages": {
        "": {
            "name": "vscode-drawioHusseinhn77",
            "version": "1.6.6",
            "license": "GPL-3.0",
            "devDependencies": {},
            "engines": {
                "vscode": "^1.46.0"
            }
        }
    }
}
